// !$*UTF8*$!
{
	archiveVersion = 1;
	classes = {
	};
	objectVersion = 52;
	objects = {

/* Begin PBXBuildFile section */
		0A88A0DA263E62DC00EEAF6E /* HikakuApp.swift in Sources */ = {isa = PBXBuildFile; fileRef = 0A88A0D9263E62DC00EEAF6E /* HikakuApp.swift */; };
		0A88A0DC263E62DC00EEAF6E /* ContentView.swift in Sources */ = {isa = PBXBuildFile; fileRef = 0A88A0DB263E62DC00EEAF6E /* ContentView.swift */; };
		0A88A0DE263E62DD00EEAF6E /* Assets.xcassets in Resources */ = {isa = PBXBuildFile; fileRef = 0A88A0DD263E62DD00EEAF6E /* Assets.xcassets */; };
		0A88A0E1263E62DD00EEAF6E /* Preview Assets.xcassets in Resources */ = {isa = PBXBuildFile; fileRef = 0A88A0E0263E62DD00EEAF6E /* Preview Assets.xcassets */; };
		0AA34D4726428EE600C12462 /* HomeView.swift in Sources */ = {isa = PBXBuildFile; fileRef = 0AA34D4626428EE600C12462 /* HomeView.swift */; };
		0AA34D4926428F1100C12462 /* LoginView.swift in Sources */ = {isa = PBXBuildFile; fileRef = 0AA34D4826428F1100C12462 /* LoginView.swift */; };
		0AA34D4B26428F5700C12462 /* AuthenticationViewModel.swift in Sources */ = {isa = PBXBuildFile; fileRef = 0AA34D4A26428F5700C12462 /* AuthenticationViewModel.swift */; };
		0AFA497E277205DD00678C18 /* GoogleSignInButton.swift in Sources */ = {isa = PBXBuildFile; fileRef = 0AFA497D277205DD00678C18 /* GoogleSignInButton.swift */; };
		4F48FFDA27AD9BB900EDA67F /* FirebaseAuth in Frameworks */ = {isa = PBXBuildFile; productRef = 4F48FFD927AD9BB900EDA67F /* FirebaseAuth */; };
		4F48FFDC27AD9BB900EDA67F /* FirebaseFirestore in Frameworks */ = {isa = PBXBuildFile; productRef = 4F48FFDB27AD9BB900EDA67F /* FirebaseFirestore */; };
		4F48FFDF27AD9CF400EDA67F /* GoogleSignIn in Frameworks */ = {isa = PBXBuildFile; productRef = 4F48FFDE27AD9CF400EDA67F /* GoogleSignIn */; };
		4F48FFE227AE064B00EDA67F /* ImageGridView.swift in Sources */ = {isa = PBXBuildFile; fileRef = 4F48FFE127AE064B00EDA67F /* ImageGridView.swift */; };
		4F48FFE427AE38BC00EDA67F /* styleboardmodel.swift in Sources */ = {isa = PBXBuildFile; fileRef = 4F48FFE327AE38BC00EDA67F /* styleboardmodel.swift */; };
		4F56377B27B45D8500AF139D /* imagePicker.swift in Sources */ = {isa = PBXBuildFile; fileRef = 4F56377A27B45D8500AF139D /* imagePicker.swift */; };
		4F74076727B9DA7300185EF8 /* Styles.swift in Sources */ = {isa = PBXBuildFile; fileRef = 4F74076627B9DA7300185EF8 /* Styles.swift */; };
		4F81C2E627AF364000574224 /* GridData.swift in Sources */ = {isa = PBXBuildFile; fileRef = 4F81C2E527AF364000574224 /* GridData.swift */; };
		4FAC4AA927ACDBD7006BA215 /* GoogleService-Info.plist in Resources */ = {isa = PBXBuildFile; fileRef = 4FAC4AA827ACDBD7006BA215 /* GoogleService-Info.plist */; };
		4FAC4AAF27ACE3E7006BA215 /* StyleBoardView.swift in Sources */ = {isa = PBXBuildFile; fileRef = 4FAC4AAE27ACE3E7006BA215 /* StyleBoardView.swift */; };
		4FAC4AB127ACE45E006BA215 /* ApiModel.swift in Sources */ = {isa = PBXBuildFile; fileRef = 4FAC4AB027ACE45E006BA215 /* ApiModel.swift */; };
		4FAC4AB927AD0AF7006BA215 /* Todo.swift in Sources */ = {isa = PBXBuildFile; fileRef = 4FAC4AB827AD0AF6006BA215 /* Todo.swift */; };
		4FCED40227B481C300E3FF9D /* FirebaseStorage in Frameworks */ = {isa = PBXBuildFile; productRef = 4FCED40127B481C300E3FF9D /* FirebaseStorage */; };
		4FCED40427B4A85500E3FF9D /* image.swift in Sources */ = {isa = PBXBuildFile; fileRef = 4FCED40327B4A85500E3FF9D /* image.swift */; };
/* End PBXBuildFile section */

/* Begin PBXFileReference section */
		0A88A0D6263E62DC00EEAF6E /* Hikaku.app */ = {isa = PBXFileReference; explicitFileType = wrapper.application; includeInIndex = 0; path = Hikaku.app; sourceTree = BUILT_PRODUCTS_DIR; };
		0A88A0D9263E62DC00EEAF6E /* HikakuApp.swift */ = {isa = PBXFileReference; lastKnownFileType = sourcecode.swift; path = HikakuApp.swift; sourceTree = "<group>"; };
		0A88A0DB263E62DC00EEAF6E /* ContentView.swift */ = {isa = PBXFileReference; lastKnownFileType = sourcecode.swift; path = ContentView.swift; sourceTree = "<group>"; };
		0A88A0DD263E62DD00EEAF6E /* Assets.xcassets */ = {isa = PBXFileReference; lastKnownFileType = folder.assetcatalog; path = Assets.xcassets; sourceTree = "<group>"; };
		0A88A0E0263E62DD00EEAF6E /* Preview Assets.xcassets */ = {isa = PBXFileReference; lastKnownFileType = folder.assetcatalog; path = "Preview Assets.xcassets"; sourceTree = "<group>"; };
		0AA34D4626428EE600C12462 /* HomeView.swift */ = {isa = PBXFileReference; lastKnownFileType = sourcecode.swift; path = HomeView.swift; sourceTree = "<group>"; };
		0AA34D4826428F1100C12462 /* LoginView.swift */ = {isa = PBXFileReference; lastKnownFileType = sourcecode.swift; path = LoginView.swift; sourceTree = "<group>"; };
		0AA34D4A26428F5700C12462 /* AuthenticationViewModel.swift */ = {isa = PBXFileReference; lastKnownFileType = sourcecode.swift; path = AuthenticationViewModel.swift; sourceTree = "<group>"; };
		0AFA497D277205DD00678C18 /* GoogleSignInButton.swift */ = {isa = PBXFileReference; lastKnownFileType = sourcecode.swift; path = GoogleSignInButton.swift; sourceTree = "<group>"; };
		4F48FFE127AE064B00EDA67F /* ImageGridView.swift */ = {isa = PBXFileReference; lastKnownFileType = sourcecode.swift; path = ImageGridView.swift; sourceTree = "<group>"; };
		4F48FFE327AE38BC00EDA67F /* styleboardmodel.swift */ = {isa = PBXFileReference; lastKnownFileType = sourcecode.swift; path = styleboardmodel.swift; sourceTree = "<group>"; };
		4F56377A27B45D8500AF139D /* imagePicker.swift */ = {isa = PBXFileReference; lastKnownFileType = sourcecode.swift; path = imagePicker.swift; sourceTree = "<group>"; };
		4F74076627B9DA7300185EF8 /* Styles.swift */ = {isa = PBXFileReference; lastKnownFileType = sourcecode.swift; path = Styles.swift; sourceTree = "<group>"; };
		4F81C2E527AF364000574224 /* GridData.swift */ = {isa = PBXFileReference; lastKnownFileType = sourcecode.swift; path = GridData.swift; sourceTree = "<group>"; };
		4FAC4AA827ACDBD7006BA215 /* GoogleService-Info.plist */ = {isa = PBXFileReference; fileEncoding = 4; lastKnownFileType = text.plist.xml; path = "GoogleService-Info.plist"; sourceTree = "<group>"; };
		4FAC4AAE27ACE3E7006BA215 /* StyleBoardView.swift */ = {isa = PBXFileReference; lastKnownFileType = sourcecode.swift; path = StyleBoardView.swift; sourceTree = "<group>"; };
		4FAC4AB027ACE45E006BA215 /* ApiModel.swift */ = {isa = PBXFileReference; lastKnownFileType = sourcecode.swift; path = ApiModel.swift; sourceTree = "<group>"; };
		4FAC4AB827AD0AF6006BA215 /* Todo.swift */ = {isa = PBXFileReference; lastKnownFileType = sourcecode.swift; path = Todo.swift; sourceTree = "<group>"; };
		4FCED40327B4A85500E3FF9D /* image.swift */ = {isa = PBXFileReference; lastKnownFileType = sourcecode.swift; path = image.swift; sourceTree = "<group>"; };
/* End PBXFileReference section */

/* Begin PBXFrameworksBuildPhase section */
		0A88A0D3263E62DC00EEAF6E /* Frameworks */ = {
			isa = PBXFrameworksBuildPhase;
			buildActionMask = 2147483647;
			files = (
				4F48FFDA27AD9BB900EDA67F /* FirebaseAuth in Frameworks */,
				4FCED40227B481C300E3FF9D /* FirebaseStorage in Frameworks */,
				4F48FFDC27AD9BB900EDA67F /* FirebaseFirestore in Frameworks */,
				4F48FFDF27AD9CF400EDA67F /* GoogleSignIn in Frameworks */,
			);
			runOnlyForDeploymentPostprocessing = 0;
		};
/* End PBXFrameworksBuildPhase section */

/* Begin PBXGroup section */
		0A88A0CD263E62DC00EEAF6E = {
			isa = PBXGroup;
			children = (
				0A88A0D8263E62DC00EEAF6E /* Hikaku */,
				0A88A0D7263E62DC00EEAF6E /* Products */,
				4FAC4AB227ACE4C4006BA215 /* Frameworks */,
			);
			sourceTree = "<group>";
		};
		0A88A0D7263E62DC00EEAF6E /* Products */ = {
			isa = PBXGroup;
			children = (
				0A88A0D6263E62DC00EEAF6E /* Hikaku.app */,
			);
			name = Products;
			sourceTree = "<group>";
		};
		0A88A0D8263E62DC00EEAF6E /* Hikaku */ = {
			isa = PBXGroup;
			children = (
				0A88A0D9263E62DC00EEAF6E /* HikakuApp.swift */,
				4F48FFE027ADB9E500EDA67F /* Models */,
				4FAC4AB727AD03C5006BA215 /* Views */,
				4FAC4AA827ACDBD7006BA215 /* GoogleService-Info.plist */,
				0A88A0DD263E62DD00EEAF6E /* Assets.xcassets */,
				0A88A0DF263E62DD00EEAF6E /* Preview Content */,
			);
			path = Hikaku;
			sourceTree = "<group>";
		};
		0A88A0DF263E62DD00EEAF6E /* Preview Content */ = {
			isa = PBXGroup;
			children = (
				0A88A0E0263E62DD00EEAF6E /* Preview Assets.xcassets */,
			);
			path = "Preview Content";
			sourceTree = "<group>";
		};
		4F48FFE027ADB9E500EDA67F /* Models */ = {
			isa = PBXGroup;
			children = (
				4FAC4AB027ACE45E006BA215 /* ApiModel.swift */,
				4FCED40327B4A85500E3FF9D /* image.swift */,
				0AA34D4A26428F5700C12462 /* AuthenticationViewModel.swift */,
				0AFA497D277205DD00678C18 /* GoogleSignInButton.swift */,
				4FAC4AB827AD0AF6006BA215 /* Todo.swift */,
				4F48FFE327AE38BC00EDA67F /* styleboardmodel.swift */,
				4F81C2E527AF364000574224 /* GridData.swift */,
				4F56377A27B45D8500AF139D /* imagePicker.swift */,
				4F74076627B9DA7300185EF8 /* Styles.swift */,
			);
			path = Models;
			sourceTree = "<group>";
		};
		4FAC4AB227ACE4C4006BA215 /* Frameworks */ = {
			isa = PBXGroup;
			children = (
			);
			name = Frameworks;
			sourceTree = "<group>";
		};
		4FAC4AB727AD03C5006BA215 /* Views */ = {
			isa = PBXGroup;
			children = (
				0A88A0DB263E62DC00EEAF6E /* ContentView.swift */,
				0AA34D4626428EE600C12462 /* HomeView.swift */,
				0AA34D4826428F1100C12462 /* LoginView.swift */,
				4FAC4AAE27ACE3E7006BA215 /* StyleBoardView.swift */,
				4F48FFE127AE064B00EDA67F /* ImageGridView.swift */,
			);
			path = Views;
			sourceTree = "<group>";
		};
/* End PBXGroup section */

/* Begin PBXNativeTarget section */
		0A88A0D5263E62DC00EEAF6E /* Hikaku */ = {
			isa = PBXNativeTarget;
			buildConfigurationList = 0A88A0E5263E62DD00EEAF6E /* Build configuration list for PBXNativeTarget "Hikaku" */;
			buildPhases = (
				0A88A0D2263E62DC00EEAF6E /* Sources */,
				0A88A0D3263E62DC00EEAF6E /* Frameworks */,
				0A88A0D4263E62DC00EEAF6E /* Resources */,
			);
			buildRules = (
			);
			dependencies = (
			);
			name = Hikaku;
			packageProductDependencies = (
				4F48FFD927AD9BB900EDA67F /* FirebaseAuth */,
				4F48FFDB27AD9BB900EDA67F /* FirebaseFirestore */,
				4F48FFDE27AD9CF400EDA67F /* GoogleSignIn */,
				4FCED40127B481C300E3FF9D /* FirebaseStorage */,
			);
			productName = Ellifit;
			productReference = 0A88A0D6263E62DC00EEAF6E /* Hikaku.app */;
			productType = "com.apple.product-type.application";
		};
/* End PBXNativeTarget section */

/* Begin PBXProject section */
		0A88A0CE263E62DC00EEAF6E /* Project object */ = {
			isa = PBXProject;
			attributes = {
				LastSwiftUpdateCheck = 1250;
				LastUpgradeCheck = 1250;
				TargetAttributes = {
					0A88A0D5263E62DC00EEAF6E = {
						CreatedOnToolsVersion = 12.5;
					};
				};
			};
			buildConfigurationList = 0A88A0D1263E62DC00EEAF6E /* Build configuration list for PBXProject "Hikaku" */;
			compatibilityVersion = "Xcode 9.3";
			developmentRegion = en;
			hasScannedForEncodings = 0;
			knownRegions = (
				en,
				Base,
			);
			mainGroup = 0A88A0CD263E62DC00EEAF6E;
			packageReferences = (
				4F48FFD827AD9BB900EDA67F /* XCRemoteSwiftPackageReference "firebase-ios-sdk" */,
				4F48FFDD27AD9CF300EDA67F /* XCRemoteSwiftPackageReference "GoogleSignIn-iOS" */,
			);
			productRefGroup = 0A88A0D7263E62DC00EEAF6E /* Products */;
			projectDirPath = "";
			projectRoot = "";
			targets = (
				0A88A0D5263E62DC00EEAF6E /* Hikaku */,
			);
		};
/* End PBXProject section */

/* Begin PBXResourcesBuildPhase section */
		0A88A0D4263E62DC00EEAF6E /* Resources */ = {
			isa = PBXResourcesBuildPhase;
			buildActionMask = 2147483647;
			files = (
				0A88A0E1263E62DD00EEAF6E /* Preview Assets.xcassets in Resources */,
				4FAC4AA927ACDBD7006BA215 /* GoogleService-Info.plist in Resources */,
				0A88A0DE263E62DD00EEAF6E /* Assets.xcassets in Resources */,
			);
			runOnlyForDeploymentPostprocessing = 0;
		};
/* End PBXResourcesBuildPhase section */

/* Begin PBXSourcesBuildPhase section */
		0A88A0D2263E62DC00EEAF6E /* Sources */ = {
			isa = PBXSourcesBuildPhase;
			buildActionMask = 2147483647;
			files = (
				4F48FFE227AE064B00EDA67F /* ImageGridView.swift in Sources */,
				4F81C2E627AF364000574224 /* GridData.swift in Sources */,
				0AA34D4726428EE600C12462 /* HomeView.swift in Sources */,
				4F48FFE427AE38BC00EDA67F /* styleboardmodel.swift in Sources */,
				4FAC4AB127ACE45E006BA215 /* ApiModel.swift in Sources */,
				4FCED40427B4A85500E3FF9D /* image.swift in Sources */,
				4F74076727B9DA7300185EF8 /* Styles.swift in Sources */,
				0AA34D4B26428F5700C12462 /* AuthenticationViewModel.swift in Sources */,
				0A88A0DC263E62DC00EEAF6E /* ContentView.swift in Sources */,
				4F56377B27B45D8500AF139D /* imagePicker.swift in Sources */,
				0AA34D4926428F1100C12462 /* LoginView.swift in Sources */,
				4FAC4AB927AD0AF7006BA215 /* Todo.swift in Sources */,
				0AFA497E277205DD00678C18 /* GoogleSignInButton.swift in Sources */,
				0A88A0DA263E62DC00EEAF6E /* HikakuApp.swift in Sources */,
				4FAC4AAF27ACE3E7006BA215 /* StyleBoardView.swift in Sources */,
			);
			runOnlyForDeploymentPostprocessing = 0;
		};
/* End PBXSourcesBuildPhase section */

/* Begin XCBuildConfiguration section */
		0A88A0E3263E62DD00EEAF6E /* Debug */ = {
			isa = XCBuildConfiguration;
			buildSettings = {
				ALWAYS_SEARCH_USER_PATHS = NO;
				CLANG_ANALYZER_NONNULL = YES;
				CLANG_ANALYZER_NUMBER_OBJECT_CONVERSION = YES_AGGRESSIVE;
				CLANG_CXX_LANGUAGE_STANDARD = "gnu++14";
				CLANG_CXX_LIBRARY = "libc++";
				CLANG_ENABLE_MODULES = YES;
				CLANG_ENABLE_OBJC_ARC = YES;
				CLANG_ENABLE_OBJC_WEAK = YES;
				CLANG_WARN_BLOCK_CAPTURE_AUTORELEASING = YES;
				CLANG_WARN_BOOL_CONVERSION = YES;
				CLANG_WARN_COMMA = YES;
				CLANG_WARN_CONSTANT_CONVERSION = YES;
				CLANG_WARN_DEPRECATED_OBJC_IMPLEMENTATIONS = YES;
				CLANG_WARN_DIRECT_OBJC_ISA_USAGE = YES_ERROR;
				CLANG_WARN_DOCUMENTATION_COMMENTS = YES;
				CLANG_WARN_EMPTY_BODY = YES;
				CLANG_WARN_ENUM_CONVERSION = YES;
				CLANG_WARN_INFINITE_RECURSION = YES;
				CLANG_WARN_INT_CONVERSION = YES;
				CLANG_WARN_NON_LITERAL_NULL_CONVERSION = YES;
				CLANG_WARN_OBJC_IMPLICIT_RETAIN_SELF = YES;
				CLANG_WARN_OBJC_LITERAL_CONVERSION = YES;
				CLANG_WARN_OBJC_ROOT_CLASS = YES_ERROR;
				CLANG_WARN_QUOTED_INCLUDE_IN_FRAMEWORK_HEADER = YES;
				CLANG_WARN_RANGE_LOOP_ANALYSIS = YES;
				CLANG_WARN_STRICT_PROTOTYPES = YES;
				CLANG_WARN_SUSPICIOUS_MOVE = YES;
				CLANG_WARN_UNGUARDED_AVAILABILITY = YES_AGGRESSIVE;
				CLANG_WARN_UNREACHABLE_CODE = YES;
				CLANG_WARN__DUPLICATE_METHOD_MATCH = YES;
				COPY_PHASE_STRIP = NO;
				DEBUG_INFORMATION_FORMAT = dwarf;
				ENABLE_STRICT_OBJC_MSGSEND = YES;
				ENABLE_TESTABILITY = YES;
				GCC_C_LANGUAGE_STANDARD = gnu11;
				GCC_DYNAMIC_NO_PIC = NO;
				GCC_NO_COMMON_BLOCKS = YES;
				GCC_OPTIMIZATION_LEVEL = 0;
				GCC_PREPROCESSOR_DEFINITIONS = (
					"DEBUG=1",
					"$(inherited)",
				);
				GCC_WARN_64_TO_32_BIT_CONVERSION = YES;
				GCC_WARN_ABOUT_RETURN_TYPE = YES_ERROR;
				GCC_WARN_UNDECLARED_SELECTOR = YES;
				GCC_WARN_UNINITIALIZED_AUTOS = YES_AGGRESSIVE;
				GCC_WARN_UNUSED_FUNCTION = YES;
				GCC_WARN_UNUSED_VARIABLE = YES;
				IPHONEOS_DEPLOYMENT_TARGET = 14.0;
				MTL_ENABLE_DEBUG_INFO = INCLUDE_SOURCE;
				MTL_FAST_MATH = YES;
				ONLY_ACTIVE_ARCH = YES;
				SDKROOT = iphoneos;
				SWIFT_ACTIVE_COMPILATION_CONDITIONS = DEBUG;
				SWIFT_OPTIMIZATION_LEVEL = "-Onone";
			};
			name = Debug;
		};
		0A88A0E4263E62DD00EEAF6E /* Release */ = {
			isa = XCBuildConfiguration;
			buildSettings = {
				ALWAYS_SEARCH_USER_PATHS = NO;
				CLANG_ANALYZER_NONNULL = YES;
				CLANG_ANALYZER_NUMBER_OBJECT_CONVERSION = YES_AGGRESSIVE;
				CLANG_CXX_LANGUAGE_STANDARD = "gnu++14";
				CLANG_CXX_LIBRARY = "libc++";
				CLANG_ENABLE_MODULES = YES;
				CLANG_ENABLE_OBJC_ARC = YES;
				CLANG_ENABLE_OBJC_WEAK = YES;
				CLANG_WARN_BLOCK_CAPTURE_AUTORELEASING = YES;
				CLANG_WARN_BOOL_CONVERSION = YES;
				CLANG_WARN_COMMA = YES;
				CLANG_WARN_CONSTANT_CONVERSION = YES;
				CLANG_WARN_DEPRECATED_OBJC_IMPLEMENTATIONS = YES;
				CLANG_WARN_DIRECT_OBJC_ISA_USAGE = YES_ERROR;
				CLANG_WARN_DOCUMENTATION_COMMENTS = YES;
				CLANG_WARN_EMPTY_BODY = YES;
				CLANG_WARN_ENUM_CONVERSION = YES;
				CLANG_WARN_INFINITE_RECURSION = YES;
				CLANG_WARN_INT_CONVERSION = YES;
				CLANG_WARN_NON_LITERAL_NULL_CONVERSION = YES;
				CLANG_WARN_OBJC_IMPLICIT_RETAIN_SELF = YES;
				CLANG_WARN_OBJC_LITERAL_CONVERSION = YES;
				CLANG_WARN_OBJC_ROOT_CLASS = YES_ERROR;
				CLANG_WARN_QUOTED_INCLUDE_IN_FRAMEWORK_HEADER = YES;
				CLANG_WARN_RANGE_LOOP_ANALYSIS = YES;
				CLANG_WARN_STRICT_PROTOTYPES = YES;
				CLANG_WARN_SUSPICIOUS_MOVE = YES;
				CLANG_WARN_UNGUARDED_AVAILABILITY = YES_AGGRESSIVE;
				CLANG_WARN_UNREACHABLE_CODE = YES;
				CLANG_WARN__DUPLICATE_METHOD_MATCH = YES;
				COPY_PHASE_STRIP = NO;
				DEBUG_INFORMATION_FORMAT = "dwarf-with-dsym";
				ENABLE_NS_ASSERTIONS = NO;
				ENABLE_STRICT_OBJC_MSGSEND = YES;
				GCC_C_LANGUAGE_STANDARD = gnu11;
				GCC_NO_COMMON_BLOCKS = YES;
				GCC_WARN_64_TO_32_BIT_CONVERSION = YES;
				GCC_WARN_ABOUT_RETURN_TYPE = YES_ERROR;
				GCC_WARN_UNDECLARED_SELECTOR = YES;
				GCC_WARN_UNINITIALIZED_AUTOS = YES_AGGRESSIVE;
				GCC_WARN_UNUSED_FUNCTION = YES;
				GCC_WARN_UNUSED_VARIABLE = YES;
				IPHONEOS_DEPLOYMENT_TARGET = 14.0;
				MTL_ENABLE_DEBUG_INFO = NO;
				MTL_FAST_MATH = YES;
				SDKROOT = iphoneos;
				SWIFT_COMPILATION_MODE = wholemodule;
				SWIFT_OPTIMIZATION_LEVEL = "-O";
				VALIDATE_PRODUCT = YES;
			};
			name = Release;
		};
		0A88A0E6263E62DD00EEAF6E /* Debug */ = {
			isa = XCBuildConfiguration;
			buildSettings = {
				ASSETCATALOG_COMPILER_APPICON_NAME = AppIcon;
				ASSETCATALOG_COMPILER_GLOBAL_ACCENT_COLOR_NAME = AccentColor;
				CODE_SIGN_STYLE = Automatic;
				DEVELOPMENT_ASSET_PATHS = "\"Hikaku/Preview Content\"";
				DEVELOPMENT_TEAM = K8QV8Q3232;
				ENABLE_PREVIEWS = YES;
				INFOPLIST_FILE = Ellifit/Info.plist;
				IPHONEOS_DEPLOYMENT_TARGET = 14.0;
				LD_RUNPATH_SEARCH_PATHS = (
					"$(inherited)",
					"@executable_path/Frameworks",
				);
				PRODUCT_BUNDLE_IDENTIFIER = com.hikaku2.Lilly;
				PRODUCT_NAME = "$(TARGET_NAME)";
				SWIFT_VERSION = 5.0;
				TARGETED_DEVICE_FAMILY = 1;
			};
			name = Debug;
		};
		0A88A0E7263E62DD00EEAF6E /* Release */ = {
			isa = XCBuildConfiguration;
			buildSettings = {
				ASSETCATALOG_COMPILER_APPICON_NAME = AppIcon;
				ASSETCATALOG_COMPILER_GLOBAL_ACCENT_COLOR_NAME = AccentColor;
				CODE_SIGN_STYLE = Automatic;
				DEVELOPMENT_ASSET_PATHS = "\"Hikaku/Preview Content\"";
				DEVELOPMENT_TEAM = K8QV8Q3232;
				ENABLE_PREVIEWS = YES;
				INFOPLIST_FILE = Ellifit/Info.plist;
				IPHONEOS_DEPLOYMENT_TARGET = 14.0;
				LD_RUNPATH_SEARCH_PATHS = (
					"$(inherited)",
					"@executable_path/Frameworks",
				);
				PRODUCT_BUNDLE_IDENTIFIER = com.hikaku2.Lilly;
				PRODUCT_NAME = "$(TARGET_NAME)";
				SWIFT_VERSION = 5.0;
				TARGETED_DEVICE_FAMILY = 1;
			};
			name = Release;
		};
/* End XCBuildConfiguration section */

/* Begin XCConfigurationList section */
		0A88A0D1263E62DC00EEAF6E /* Build configuration list for PBXProject "Hikaku" */ = {
			isa = XCConfigurationList;
			buildConfigurations = (
				0A88A0E3263E62DD00EEAF6E /* Debug */,
				0A88A0E4263E62DD00EEAF6E /* Release */,
			);
			defaultConfigurationIsVisible = 0;
			defaultConfigurationName = Release;
		};
		0A88A0E5263E62DD00EEAF6E /* Build configuration list for PBXNativeTarget "Hikaku" */ = {
			isa = XCConfigurationList;
			buildConfigurations = (
				0A88A0E6263E62DD00EEAF6E /* Debug */,
				0A88A0E7263E62DD00EEAF6E /* Release */,
			);
			defaultConfigurationIsVisible = 0;
			defaultConfigurationName = Release;
		};
/* End XCConfigurationList section */

/* Begin XCRemoteSwiftPackageReference section */
		4F48FFD827AD9BB900EDA67F /* XCRemoteSwiftPackageReference "firebase-ios-sdk" */ = {
			isa = XCRemoteSwiftPackageReference;
			repositoryURL = "https://github.com/firebase/firebase-ios-sdk";
			requirement = {
				branch = master;
				kind = branch;
			};
		};
		4F48FFDD27AD9CF300EDA67F /* XCRemoteSwiftPackageReference "GoogleSignIn-iOS" */ = {
			isa = XCRemoteSwiftPackageReference;
			repositoryURL = "https://github.com/google/GoogleSignIn-iOS";
			requirement = {
				kind = upToNextMajorVersion;
				minimumVersion = 6.0.0;
			};
		};
/* End XCRemoteSwiftPackageReference section */

/* Begin XCSwiftPackageProductDependency section */
		4F48FFD927AD9BB900EDA67F /* FirebaseAuth */ = {
			isa = XCSwiftPackageProductDependency;
			package = 4F48FFD827AD9BB900EDA67F /* XCRemoteSwiftPackageReference "firebase-ios-sdk" */;
			productName = FirebaseAuth;
		};
		4F48FFDB27AD9BB900EDA67F /* FirebaseFirestore */ = {
			isa = XCSwiftPackageProductDependency;
			package = 4F48FFD827AD9BB900EDA67F /* XCRemoteSwiftPackageReference "firebase-ios-sdk" */;
			productName = FirebaseFirestore;
		};
		4F48FFDE27AD9CF400EDA67F /* GoogleSignIn */ = {
			isa = XCSwiftPackageProductDependency;
			package = 4F48FFDD27AD9CF300EDA67F /* XCRemoteSwiftPackageReference "GoogleSignIn-iOS" */;
			productName = GoogleSignIn;
		};
		4FCED40127B481C300E3FF9D /* FirebaseStorage */ = {
			isa = XCSwiftPackageProductDependency;
			package = 4F48FFD827AD9BB900EDA67F /* XCRemoteSwiftPackageReference "firebase-ios-sdk" */;
			productName = FirebaseStorage;
		};
/* End XCSwiftPackageProductDependency section */
	};
	rootObject = 0A88A0CE263E62DC00EEAF6E /* Project object */;
}
